
Microsoft Visual Studio Solution File, Format Version 12.00
# Visual Studio Version 16
VisualStudioVersion = 16.0.31313.79
MinimumVisualStudioVersion = 10.0.40219.1
Project("{FAE04EC0-301F-11D3-BF4B-00C04F79EFBC}") = "PRN292_SU17_DO", "PRN292_SU17_DO\PRN292_SU17_DO.csproj", "{0AA19B1A-DE56-4CDB-84BF-7731EB57338B}"
EndProject
Global
	GlobalSection(SolutionConfigurationPlatforms) = preSolution
		Debug|Any CPU = Debug|Any CPU
		Release|Any CPU = Release|Any CPU
	EndGlobalSection
	GlobalSection(ProjectConfigurationPlatforms) = postSolution
		{0AA19B1A-DE56-4CDB-84BF-7731EB57338B}.Debug|Any CPU.ActiveCfg = Debug|Any CPU
		{0AA19B1A-DE56-4CDB-84BF-7731EB57338B}.Debug|Any CPU.Build.0 = Debug|Any CPU
		{0AA19B1A-DE56-4CDB-84BF-7731EB57338B}.Release|Any CPU.ActiveCfg = Release|Any CPU
		{0AA19B1A-DE56-4CDB-84BF-7731EB57338B}.Release|Any CPU.Build.0 = Release|Any CPU
	EndGlobalSection
	GlobalSection(SolutionProperties) = preSolution
		HideSolutionNode = FALSE
	EndGlobalSection
	GlobalSection(ExtensibilityGlobals) = postSolution
		SolutionGuid = {36D9B671-CD3F-4366-AC92-1DE9E1795F95}
	EndGlobalSection
EndGlobal
