
Microsoft Visual Studio Solution File, Format Version 12.00
# Visual Studio Version 16
VisualStudioVersion = 16.0.31313.79
MinimumVisualStudioVersion = 10.0.40219.1
Project("{FAE04EC0-301F-11D3-BF4B-00C04F79EFBC}") = "A_Color", "A_Color\A_Color.csproj", "{61624265-4BE2-4E0E-ADC6-4F73A462EDD2}"
EndProject
Global
	GlobalSection(SolutionConfigurationPlatforms) = preSolution
		Debug|Any CPU = Debug|Any CPU
		Release|Any CPU = Release|Any CPU
	EndGlobalSection
	GlobalSection(ProjectConfigurationPlatforms) = postSolution
		{61624265-4BE2-4E0E-ADC6-4F73A462EDD2}.Debug|Any CPU.ActiveCfg = Debug|Any CPU
		{61624265-4BE2-4E0E-ADC6-4F73A462EDD2}.Debug|Any CPU.Build.0 = Debug|Any CPU
		{61624265-4BE2-4E0E-ADC6-4F73A462EDD2}.Release|Any CPU.ActiveCfg = Release|Any CPU
		{61624265-4BE2-4E0E-ADC6-4F73A462EDD2}.Release|Any CPU.Build.0 = Release|Any CPU
	EndGlobalSection
	GlobalSection(SolutionProperties) = preSolution
		HideSolutionNode = FALSE
	EndGlobalSection
	GlobalSection(ExtensibilityGlobals) = postSolution
		SolutionGuid = {2D4BB181-2FC8-4B9E-A043-7AE695B35857}
	EndGlobalSection
EndGlobal
